// !$*UTF8*$!
{
	archiveVersion = 1;
	classes = {
	};
	objectVersion = 46;
	objects = {

/* Begin PBXBuildFile section */
		330F88C11F140D660040D87B /* ViewCategory.storyboard in Resources */ = {isa = PBXBuildFile; fileRef = 330F88C01F140D660040D87B /* ViewCategory.storyboard */; };
		330F88C41F140D910040D87B /* NewCategory.storyboard in Resources */ = {isa = PBXBuildFile; fileRef = 330F88C21F140D910040D87B /* NewCategory.storyboard */; };
		330F88CC1F140EDF0040D87B /* ViewCategoryTableViewController.swift in Sources */ = {isa = PBXBuildFile; fileRef = 330F88CB1F140EDF0040D87B /* ViewCategoryTableViewController.swift */; };
		330F88CE1F147C500040D87B /* ViewCategoryTableViewCell.swift in Sources */ = {isa = PBXBuildFile; fileRef = 330F88CD1F147C500040D87B /* ViewCategoryTableViewCell.swift */; };
		330F88D01F1533CF0040D87B /* NewCategoryTableViewController.swift in Sources */ = {isa = PBXBuildFile; fileRef = 330F88CF1F1533CF0040D87B /* NewCategoryTableViewController.swift */; };
		330F88D21F1534190040D87B /* NewTableViewCell.swift in Sources */ = {isa = PBXBuildFile; fileRef = 330F88D11F1534190040D87B /* NewTableViewCell.swift */; };
		330F88D41F1534270040D87B /* AddNewTableViewCell.swift in Sources */ = {isa = PBXBuildFile; fileRef = 330F88D31F1534270040D87B /* AddNewTableViewCell.swift */; };
		33264B161F16726900133F71 /* GoogleService-Info.plist in Resources */ = {isa = PBXBuildFile; fileRef = 33264B151F16726900133F71 /* GoogleService-Info.plist */; };
		33264B181F17CE2100133F71 /* Places.swift in Sources */ = {isa = PBXBuildFile; fileRef = 33264B171F17CE2100133F71 /* Places.swift */; };
		33C254AD1F132FFE0029B421 /* AppDelegate.swift in Sources */ = {isa = PBXBuildFile; fileRef = 33C254AC1F132FFE0029B421 /* AppDelegate.swift */; };
		33C254B21F132FFE0029B421 /* Main.storyboard in Resources */ = {isa = PBXBuildFile; fileRef = 33C254B01F132FFE0029B421 /* Main.storyboard */; };
		33C254B41F132FFE0029B421 /* Assets.xcassets in Resources */ = {isa = PBXBuildFile; fileRef = 33C254B31F132FFE0029B421 /* Assets.xcassets */; };
		33C254B71F132FFE0029B421 /* LaunchScreen.storyboard in Resources */ = {isa = PBXBuildFile; fileRef = 33C254B51F132FFE0029B421 /* LaunchScreen.storyboard */; };
		33C254BF1F13C1940029B421 /* MainPageViewController.swift in Sources */ = {isa = PBXBuildFile; fileRef = 33C254BE1F13C1940029B421 /* MainPageViewController.swift */; };
		33C254C21F13C1C20029B421 /* CollectionViewCell.swift in Sources */ = {isa = PBXBuildFile; fileRef = 33C254C11F13C1C20029B421 /* CollectionViewCell.swift */; };
		33C254C51F13CD120029B421 /* AddCollectionViewCell.swift in Sources */ = {isa = PBXBuildFile; fileRef = 33C254C41F13CD120029B421 /* AddCollectionViewCell.swift */; };
		33C254C71F13D9B90029B421 /* CollectonView+Utility.swift in Sources */ = {isa = PBXBuildFile; fileRef = 33C254C61F13D9B90029B421 /* CollectonView+Utility.swift */; };
		33C254CA1F1408460029B421 /* MapPageViewController.swift in Sources */ = {isa = PBXBuildFile; fileRef = 33C254C91F1408460029B421 /* MapPageViewController.swift */; };
		33C254CC1F14085C0029B421 /* SettingsViewController.swift in Sources */ = {isa = PBXBuildFile; fileRef = 33C254CB1F14085C0029B421 /* SettingsViewController.swift */; };
		33FB67E51F1D18BF001B63E8 /* LoginViewController.swift in Sources */ = {isa = PBXBuildFile; fileRef = 33FB67E41F1D18BF001B63E8 /* LoginViewController.swift */; };
		33FB67E71F1D1A72001B63E8 /* Login.storyboard in Resources */ = {isa = PBXBuildFile; fileRef = 33FB67E61F1D1A72001B63E8 /* Login.storyboard */; };
		33FB67EA1F1D38CA001B63E8 /* User.swift in Sources */ = {isa = PBXBuildFile; fileRef = 33FB67E91F1D38CA001B63E8 /* User.swift */; };
		33FB67EC1F1D3CE4001B63E8 /* CreateUsernameViewController.swift in Sources */ = {isa = PBXBuildFile; fileRef = 33FB67EB1F1D3CE4001B63E8 /* CreateUsernameViewController.swift */; };
		33FB67EE1F1D4300001B63E8 /* UserService.swift in Sources */ = {isa = PBXBuildFile; fileRef = 33FB67ED1F1D4300001B63E8 /* UserService.swift */; };
		33FB67F11F1D6073001B63E8 /* Constants.swift in Sources */ = {isa = PBXBuildFile; fileRef = 33FB67F01F1D6073001B63E8 /* Constants.swift */; };
		33FB67F31F1D60E2001B63E8 /* Storyboard+Utility.swift in Sources */ = {isa = PBXBuildFile; fileRef = 33FB67F21F1D60E2001B63E8 /* Storyboard+Utility.swift */; };
		33FE87351F19494B008FAE24 /* Url+location.swift in Sources */ = {isa = PBXBuildFile; fileRef = 33FE87341F19494B008FAE24 /* Url+location.swift */; };
		F24117E64CFFE33E59211AC8 /* Pods_BucketListApp.framework in Frameworks */ = {isa = PBXBuildFile; fileRef = 9B3A676D854B696AD9BF419C /* Pods_BucketListApp.framework */; };
/* End PBXBuildFile section */

/* Begin PBXFileReference section */
		02AB812EABD4D7025FDDD571 /* Pods-BucketListApp.release.xcconfig */ = {isa = PBXFileReference; includeInIndex = 1; lastKnownFileType = text.xcconfig; name = "Pods-BucketListApp.release.xcconfig"; path = "Pods/Target Support Files/Pods-BucketListApp/Pods-BucketListApp.release.xcconfig"; sourceTree = "<group>"; };
		060C25BA38F186323B1BDB75 /* Pods-BucketListApp.debug.xcconfig */ = {isa = PBXFileReference; includeInIndex = 1; lastKnownFileType = text.xcconfig; name = "Pods-BucketListApp.debug.xcconfig"; path = "Pods/Target Support Files/Pods-BucketListApp/Pods-BucketListApp.debug.xcconfig"; sourceTree = "<group>"; };
		330F88C01F140D660040D87B /* ViewCategory.storyboard */ = {isa = PBXFileReference; fileEncoding = 4; lastKnownFileType = file.storyboard; path = ViewCategory.storyboard; sourceTree = "<group>"; };
		330F88C31F140D910040D87B /* Base */ = {isa = PBXFileReference; lastKnownFileType = file.storyboard; name = Base; path = Base.lproj/NewCategory.storyboard; sourceTree = "<group>"; };
		330F88CB1F140EDF0040D87B /* ViewCategoryTableViewController.swift */ = {isa = PBXFileReference; fileEncoding = 4; lastKnownFileType = sourcecode.swift; name = ViewCategoryTableViewController.swift; path = Helpers/ViewCategoryTableViewController.swift; sourceTree = "<group>"; };
		330F88CD1F147C500040D87B /* ViewCategoryTableViewCell.swift */ = {isa = PBXFileReference; fileEncoding = 4; lastKnownFileType = sourcecode.swift; name = ViewCategoryTableViewCell.swift; path = Helpers/ViewCategoryTableViewCell.swift; sourceTree = "<group>"; };
		330F88CF1F1533CF0040D87B /* NewCategoryTableViewController.swift */ = {isa = PBXFileReference; fileEncoding = 4; lastKnownFileType = sourcecode.swift; name = NewCategoryTableViewController.swift; path = Helpers/NewCategoryTableViewController.swift; sourceTree = "<group>"; };
		330F88D11F1534190040D87B /* NewTableViewCell.swift */ = {isa = PBXFileReference; fileEncoding = 4; lastKnownFileType = sourcecode.swift; name = NewTableViewCell.swift; path = Helpers/NewTableViewCell.swift; sourceTree = "<group>"; };
		330F88D31F1534270040D87B /* AddNewTableViewCell.swift */ = {isa = PBXFileReference; fileEncoding = 4; lastKnownFileType = sourcecode.swift; name = AddNewTableViewCell.swift; path = Helpers/AddNewTableViewCell.swift; sourceTree = "<group>"; };
		33264B151F16726900133F71 /* GoogleService-Info.plist */ = {isa = PBXFileReference; fileEncoding = 4; lastKnownFileType = text.plist.xml; name = "GoogleService-Info.plist"; path = "BucketListApp/GoogleService-Info.plist"; sourceTree = "<group>"; };
		33264B171F17CE2100133F71 /* Places.swift */ = {isa = PBXFileReference; fileEncoding = 4; lastKnownFileType = sourcecode.swift; name = Places.swift; path = Models/Places.swift; sourceTree = "<group>"; };
		33C254A91F132FFE0029B421 /* BucketListApp.app */ = {isa = PBXFileReference; explicitFileType = wrapper.application; includeInIndex = 0; path = BucketListApp.app; sourceTree = BUILT_PRODUCTS_DIR; };
		33C254AC1F132FFE0029B421 /* AppDelegate.swift */ = {isa = PBXFileReference; lastKnownFileType = sourcecode.swift; name = AppDelegate.swift; path = BucketListApp/AppDelegate.swift; sourceTree = "<group>"; };
		33C254B11F132FFE0029B421 /* Base */ = {isa = PBXFileReference; lastKnownFileType = file.storyboard; name = Base; path = Base.lproj/Main.storyboard; sourceTree = "<group>"; };
		33C254B31F132FFE0029B421 /* Assets.xcassets */ = {isa = PBXFileReference; lastKnownFileType = folder.assetcatalog; name = Assets.xcassets; path = BucketListApp/Assets.xcassets; sourceTree = "<group>"; };
		33C254B61F132FFE0029B421 /* Base */ = {isa = PBXFileReference; lastKnownFileType = file.storyboard; name = Base; path = Base.lproj/LaunchScreen.storyboard; sourceTree = "<group>"; };
		33C254B81F132FFE0029B421 /* Info.plist */ = {isa = PBXFileReference; lastKnownFileType = text.plist.xml; name = Info.plist; path = BucketListApp/Info.plist; sourceTree = "<group>"; };
		33C254BE1F13C1940029B421 /* MainPageViewController.swift */ = {isa = PBXFileReference; fileEncoding = 4; lastKnownFileType = sourcecode.swift; name = MainPageViewController.swift; path = ViewControllers/MainPageViewController.swift; sourceTree = "<group>"; };
		33C254C11F13C1C20029B421 /* CollectionViewCell.swift */ = {isa = PBXFileReference; fileEncoding = 4; lastKnownFileType = sourcecode.swift; name = CollectionViewCell.swift; path = Helpers/CollectionViewCell.swift; sourceTree = "<group>"; };
		33C254C41F13CD120029B421 /* AddCollectionViewCell.swift */ = {isa = PBXFileReference; fileEncoding = 4; lastKnownFileType = sourcecode.swift; name = AddCollectionViewCell.swift; path = Helpers/AddCollectionViewCell.swift; sourceTree = "<group>"; };
		33C254C61F13D9B90029B421 /* CollectonView+Utility.swift */ = {isa = PBXFileReference; fileEncoding = 4; lastKnownFileType = sourcecode.swift; name = "CollectonView+Utility.swift"; path = "Extensions/CollectonView+Utility.swift"; sourceTree = "<group>"; };
		33C254C91F1408460029B421 /* MapPageViewController.swift */ = {isa = PBXFileReference; fileEncoding = 4; lastKnownFileType = sourcecode.swift; name = MapPageViewController.swift; path = ViewControllers/MapPageViewController.swift; sourceTree = "<group>"; };
		33C254CB1F14085C0029B421 /* SettingsViewController.swift */ = {isa = PBXFileReference; fileEncoding = 4; lastKnownFileType = sourcecode.swift; name = SettingsViewController.swift; path = ViewControllers/SettingsViewController.swift; sourceTree = "<group>"; };
		33FB67E41F1D18BF001B63E8 /* LoginViewController.swift */ = {isa = PBXFileReference; fileEncoding = 4; lastKnownFileType = sourcecode.swift; name = LoginViewController.swift; path = ViewControllers/LoginViewController.swift; sourceTree = "<group>"; };
		33FB67E61F1D1A72001B63E8 /* Login.storyboard */ = {isa = PBXFileReference; fileEncoding = 4; lastKnownFileType = file.storyboard; name = Login.storyboard; path = Storyboards/Login.storyboard; sourceTree = "<group>"; };
		33FB67E91F1D38CA001B63E8 /* User.swift */ = {isa = PBXFileReference; fileEncoding = 4; lastKnownFileType = sourcecode.swift; name = User.swift; path = Models/User.swift; sourceTree = "<group>"; };
		33FB67EB1F1D3CE4001B63E8 /* CreateUsernameViewController.swift */ = {isa = PBXFileReference; fileEncoding = 4; lastKnownFileType = sourcecode.swift; name = CreateUsernameViewController.swift; path = ViewControllers/CreateUsernameViewController.swift; sourceTree = "<group>"; };
		33FB67ED1F1D4300001B63E8 /* UserService.swift */ = {isa = PBXFileReference; fileEncoding = 4; lastKnownFileType = sourcecode.swift; name = UserService.swift; path = Services/UserService.swift; sourceTree = "<group>"; };
		33FB67F01F1D6073001B63E8 /* Constants.swift */ = {isa = PBXFileReference; fileEncoding = 4; lastKnownFileType = sourcecode.swift; path = Constants.swift; sourceTree = "<group>"; };
		33FB67F21F1D60E2001B63E8 /* Storyboard+Utility.swift */ = {isa = PBXFileReference; fileEncoding = 4; lastKnownFileType = sourcecode.swift; name = "Storyboard+Utility.swift"; path = "Extensions/Storyboard+Utility.swift"; sourceTree = "<group>"; };
		33FE87341F19494B008FAE24 /* Url+location.swift */ = {isa = PBXFileReference; fileEncoding = 4; lastKnownFileType = sourcecode.swift; name = "Url+location.swift"; path = "Extensions/Url+location.swift"; sourceTree = "<group>"; };
		9B3A676D854B696AD9BF419C /* Pods_BucketListApp.framework */ = {isa = PBXFileReference; explicitFileType = wrapper.framework; includeInIndex = 0; path = Pods_BucketListApp.framework; sourceTree = BUILT_PRODUCTS_DIR; };
/* End PBXFileReference section */

/* Begin PBXFrameworksBuildPhase section */
		33C254A61F132FFE0029B421 /* Frameworks */ = {
			isa = PBXFrameworksBuildPhase;
			buildActionMask = 2147483647;
			files = (
				F24117E64CFFE33E59211AC8 /* Pods_BucketListApp.framework in Frameworks */,
			);
			runOnlyForDeploymentPostprocessing = 0;
		};
/* End PBXFrameworksBuildPhase section */

/* Begin PBXGroup section */
		33264B191F17CE2F00133F71 /* Models */ = {
			isa = PBXGroup;
			children = (
				33264B171F17CE2100133F71 /* Places.swift */,
				33FB67E91F1D38CA001B63E8 /* User.swift */,
			);
			name = Models;
			sourceTree = "<group>";
		};
		33C254A01F132FFE0029B421 = {
			isa = PBXGroup;
			children = (
				33C254AB1F132FFE0029B421 /* BucketListApp */,
				33264B151F16726900133F71 /* GoogleService-Info.plist */,
				33C254AC1F132FFE0029B421 /* AppDelegate.swift */,
				33C254B31F132FFE0029B421 /* Assets.xcassets */,
				33C254B51F132FFE0029B421 /* LaunchScreen.storyboard */,
				33C254B81F132FFE0029B421 /* Info.plist */,
				33C254AA1F132FFE0029B421 /* Products */,
				B27565EDDE77CF43C63D3151 /* Pods */,
				78D917C606DCCE412DC13F51 /* Frameworks */,
			);
			sourceTree = "<group>";
		};
		33C254AA1F132FFE0029B421 /* Products */ = {
			isa = PBXGroup;
			children = (
				33C254A91F132FFE0029B421 /* BucketListApp.app */,
			);
			name = Products;
			sourceTree = "<group>";
		};
		33C254AB1F132FFE0029B421 /* BucketListApp */ = {
			isa = PBXGroup;
			children = (
				33FB67E81F1D1A7C001B63E8 /* Stroyboards */,
				33C254C31F13C1CC0029B421 /* Helpers */,
				33C254C01F13C19B0029B421 /* ViewControllers */,
				33C254C81F13D9BE0029B421 /* Extensions */,
				33264B191F17CE2F00133F71 /* Models */,
				33FB67EF1F1D4305001B63E8 /* Services */,
				33FB67F01F1D6073001B63E8 /* Constants.swift */,
			);
			path = BucketListApp;
			sourceTree = "<group>";
		};
		33C254C01F13C19B0029B421 /* ViewControllers */ = {
			isa = PBXGroup;
			children = (
				33C254BE1F13C1940029B421 /* MainPageViewController.swift */,
				33C254C91F1408460029B421 /* MapPageViewController.swift */,
				33C254CB1F14085C0029B421 /* SettingsViewController.swift */,
				33FB67E41F1D18BF001B63E8 /* LoginViewController.swift */,
				33FB67F21F1D60E2001B63E8 /* Storyboard+Utility.swift */,
				33FB67EB1F1D3CE4001B63E8 /* CreateUsernameViewController.swift */,
			);
			name = ViewControllers;
			sourceTree = "<group>";
		};
		33C254C31F13C1CC0029B421 /* Helpers */ = {
			isa = PBXGroup;
			children = (
				33C254C11F13C1C20029B421 /* CollectionViewCell.swift */,
				33C254C41F13CD120029B421 /* AddCollectionViewCell.swift */,
				330F88CB1F140EDF0040D87B /* ViewCategoryTableViewController.swift */,
				330F88CD1F147C500040D87B /* ViewCategoryTableViewCell.swift */,
				330F88CF1F1533CF0040D87B /* NewCategoryTableViewController.swift */,
				330F88D11F1534190040D87B /* NewTableViewCell.swift */,
				330F88D31F1534270040D87B /* AddNewTableViewCell.swift */,
			);
			name = Helpers;
			sourceTree = "<group>";
		};
		33C254C81F13D9BE0029B421 /* Extensions */ = {
			isa = PBXGroup;
			children = (
				33C254C61F13D9B90029B421 /* CollectonView+Utility.swift */,
				33FE87341F19494B008FAE24 /* Url+location.swift */,
			);
			name = Extensions;
			sourceTree = "<group>";
		};
		33FB67E81F1D1A7C001B63E8 /* Stroyboards */ = {
			isa = PBXGroup;
			children = (
				33C254B01F132FFE0029B421 /* Main.storyboard */,
				330F88C21F140D910040D87B /* NewCategory.storyboard */,
				330F88C01F140D660040D87B /* ViewCategory.storyboard */,
				33FB67E61F1D1A72001B63E8 /* Login.storyboard */,
			);
			name = Stroyboards;
			sourceTree = "<group>";
		};
		33FB67EF1F1D4305001B63E8 /* Services */ = {
			isa = PBXGroup;
			children = (
				33FB67ED1F1D4300001B63E8 /* UserService.swift */,
			);
			name = Services;
			sourceTree = "<group>";
		};
		78D917C606DCCE412DC13F51 /* Frameworks */ = {
			isa = PBXGroup;
			children = (
				9B3A676D854B696AD9BF419C /* Pods_BucketListApp.framework */,
			);
			name = Frameworks;
			sourceTree = "<group>";
		};
		B27565EDDE77CF43C63D3151 /* Pods */ = {
			isa = PBXGroup;
			children = (
				060C25BA38F186323B1BDB75 /* Pods-BucketListApp.debug.xcconfig */,
				02AB812EABD4D7025FDDD571 /* Pods-BucketListApp.release.xcconfig */,
			);
			name = Pods;
			sourceTree = "<group>";
		};
/* End PBXGroup section */

/* Begin PBXNativeTarget section */
		33C254A81F132FFE0029B421 /* BucketListApp */ = {
			isa = PBXNativeTarget;
			buildConfigurationList = 33C254BB1F132FFE0029B421 /* Build configuration list for PBXNativeTarget "BucketListApp" */;
			buildPhases = (
				7FF112FE401EE1F1A4FB3AD4 /* [CP] Check Pods Manifest.lock */,
				33C254A51F132FFE0029B421 /* Sources */,
				33C254A61F132FFE0029B421 /* Frameworks */,
				33C254A71F132FFE0029B421 /* Resources */,
				55A3C46DF024EF403625371B /* [CP] Embed Pods Frameworks */,
				B9E70B8D9FB93956AE5857CA /* [CP] Copy Pods Resources */,
			);
			buildRules = (
			);
			dependencies = (
			);
			name = BucketListApp;
			productName = BucketListApp;
			productReference = 33C254A91F132FFE0029B421 /* BucketListApp.app */;
			productType = "com.apple.product-type.application";
		};
/* End PBXNativeTarget section */

/* Begin PBXProject section */
		33C254A11F132FFE0029B421 /* Project object */ = {
			isa = PBXProject;
			attributes = {
				LastSwiftUpdateCheck = 0830;
				LastUpgradeCheck = 0830;
				ORGANIZATIONNAME = "Nida Pervez";
				TargetAttributes = {
					33C254A81F132FFE0029B421 = {
						CreatedOnToolsVersion = 8.3.3;
						DevelopmentTeam = 4YEH54R3V3;
						ProvisioningStyle = Automatic;
					};
				};
			};
			buildConfigurationList = 33C254A41F132FFE0029B421 /* Build configuration list for PBXProject "BucketListApp" */;
			compatibilityVersion = "Xcode 3.2";
			developmentRegion = English;
			hasScannedForEncodings = 0;
			knownRegions = (
				en,
				Base,
			);
			mainGroup = 33C254A01F132FFE0029B421;
			productRefGroup = 33C254AA1F132FFE0029B421 /* Products */;
			projectDirPath = "";
			projectRoot = "";
			targets = (
				33C254A81F132FFE0029B421 /* BucketListApp */,
			);
		};
/* End PBXProject section */

/* Begin PBXResourcesBuildPhase section */
		33C254A71F132FFE0029B421 /* Resources */ = {
			isa = PBXResourcesBuildPhase;
			buildActionMask = 2147483647;
			files = (
				330F88C11F140D660040D87B /* ViewCategory.storyboard in Resources */,
				33C254B71F132FFE0029B421 /* LaunchScreen.storyboard in Resources */,
				33FB67E71F1D1A72001B63E8 /* Login.storyboard in Resources */,
				330F88C41F140D910040D87B /* NewCategory.storyboard in Resources */,
				33C254B41F132FFE0029B421 /* Assets.xcassets in Resources */,
				33C254B21F132FFE0029B421 /* Main.storyboard in Resources */,
				33264B161F16726900133F71 /* GoogleService-Info.plist in Resources */,
			);
			runOnlyForDeploymentPostprocessing = 0;
		};
/* End PBXResourcesBuildPhase section */

/* Begin PBXShellScriptBuildPhase section */
		55A3C46DF024EF403625371B /* [CP] Embed Pods Frameworks */ = {
			isa = PBXShellScriptBuildPhase;
			buildActionMask = 2147483647;
			files = (
			);
			inputPaths = (
			);
			name = "[CP] Embed Pods Frameworks";
			outputPaths = (
			);
			runOnlyForDeploymentPostprocessing = 0;
			shellPath = /bin/sh;
			shellScript = "\"${SRCROOT}/Pods/Target Support Files/Pods-BucketListApp/Pods-BucketListApp-frameworks.sh\"\n";
			showEnvVarsInLog = 0;
		};
		7FF112FE401EE1F1A4FB3AD4 /* [CP] Check Pods Manifest.lock */ = {
			isa = PBXShellScriptBuildPhase;
			buildActionMask = 2147483647;
			files = (
			);
			inputPaths = (
			);
			name = "[CP] Check Pods Manifest.lock";
			outputPaths = (
			);
			runOnlyForDeploymentPostprocessing = 0;
			shellPath = /bin/sh;
			shellScript = "diff \"${PODS_PODFILE_DIR_PATH}/Podfile.lock\" \"${PODS_ROOT}/Manifest.lock\" > /dev/null\nif [ $? != 0 ] ; then\n    # print error to STDERR\n    echo \"error: The sandbox is not in sync with the Podfile.lock. Run 'pod install' or update your CocoaPods installation.\" >&2\n    exit 1\nfi\n";
			showEnvVarsInLog = 0;
		};
		B9E70B8D9FB93956AE5857CA /* [CP] Copy Pods Resources */ = {
			isa = PBXShellScriptBuildPhase;
			buildActionMask = 2147483647;
			files = (
			);
			inputPaths = (
			);
			name = "[CP] Copy Pods Resources";
			outputPaths = (
			);
			runOnlyForDeploymentPostprocessing = 0;
			shellPath = /bin/sh;
			shellScript = "\"${SRCROOT}/Pods/Target Support Files/Pods-BucketListApp/Pods-BucketListApp-resources.sh\"\n";
			showEnvVarsInLog = 0;
		};
/* End PBXShellScriptBuildPhase section */

/* Begin PBXSourcesBuildPhase section */
		33C254A51F132FFE0029B421 /* Sources */ = {
			isa = PBXSourcesBuildPhase;
			buildActionMask = 2147483647;
			files = (
				330F88CC1F140EDF0040D87B /* ViewCategoryTableViewController.swift in Sources */,
				33FB67F11F1D6073001B63E8 /* Constants.swift in Sources */,
				33C254BF1F13C1940029B421 /* MainPageViewController.swift in Sources */,
				33FB67EE1F1D4300001B63E8 /* UserService.swift in Sources */,
				330F88D41F1534270040D87B /* AddNewTableViewCell.swift in Sources */,
				33FB67E51F1D18BF001B63E8 /* LoginViewController.swift in Sources */,
				33FB67EA1F1D38CA001B63E8 /* User.swift in Sources */,
				330F88CE1F147C500040D87B /* ViewCategoryTableViewCell.swift in Sources */,
				33FE87351F19494B008FAE24 /* Url+location.swift in Sources */,
				33264B181F17CE2100133F71 /* Places.swift in Sources */,
				330F88D21F1534190040D87B /* NewTableViewCell.swift in Sources */,
				33C254AD1F132FFE0029B421 /* AppDelegate.swift in Sources */,
				33FB67EC1F1D3CE4001B63E8 /* CreateUsernameViewController.swift in Sources */,
				330F88D01F1533CF0040D87B /* NewCategoryTableViewController.swift in Sources */,
				33C254CC1F14085C0029B421 /* SettingsViewController.swift in Sources */,
				33C254CA1F1408460029B421 /* MapPageViewController.swift in Sources */,
				33C254C51F13CD120029B421 /* AddCollectionViewCell.swift in Sources */,
				33C254C21F13C1C20029B421 /* CollectionViewCell.swift in Sources */,
				33C254C71F13D9B90029B421 /* CollectonView+Utility.swift in Sources */,
				33FB67F31F1D60E2001B63E8 /* Storyboard+Utility.swift in Sources */,
			);
			runOnlyForDeploymentPostprocessing = 0;
		};
/* End PBXSourcesBuildPhase section */

/* Begin PBXVariantGroup section */
		330F88C21F140D910040D87B /* NewCategory.storyboard */ = {
			isa = PBXVariantGroup;
			children = (
				330F88C31F140D910040D87B /* Base */,
			);
			name = NewCategory.storyboard;
			sourceTree = "<group>";
		};
		33C254B01F132FFE0029B421 /* Main.storyboard */ = {
			isa = PBXVariantGroup;
			children = (
				33C254B11F132FFE0029B421 /* Base */,
			);
			name = Main.storyboard;
			sourceTree = "<group>";
		};
		33C254B51F132FFE0029B421 /* LaunchScreen.storyboard */ = {
			isa = PBXVariantGroup;
			children = (
				33C254B61F132FFE0029B421 /* Base */,
			);
			name = LaunchScreen.storyboard;
			path = BucketListApp;
			sourceTree = "<group>";
		};
/* End PBXVariantGroup section */

/* Begin XCBuildConfiguration section */
		33C254B91F132FFE0029B421 /* Debug */ = {
			isa = XCBuildConfiguration;
			buildSettings = {
				ALWAYS_SEARCH_USER_PATHS = NO;
				CLANG_ANALYZER_NONNULL = YES;
				CLANG_ANALYZER_NUMBER_OBJECT_CONVERSION = YES_AGGRESSIVE;
				CLANG_CXX_LANGUAGE_STANDARD = "gnu++0x";
				CLANG_CXX_LIBRARY = "libc++";
				CLANG_ENABLE_MODULES = YES;
				CLANG_ENABLE_OBJC_ARC = YES;
				CLANG_WARN_BOOL_CONVERSION = YES;
				CLANG_WARN_CONSTANT_CONVERSION = YES;
				CLANG_WARN_DIRECT_OBJC_ISA_USAGE = YES_ERROR;
				CLANG_WARN_DOCUMENTATION_COMMENTS = YES;
				CLANG_WARN_EMPTY_BODY = YES;
				CLANG_WARN_ENUM_CONVERSION = YES;
				CLANG_WARN_INFINITE_RECURSION = YES;
				CLANG_WARN_INT_CONVERSION = YES;
				CLANG_WARN_OBJC_ROOT_CLASS = YES_ERROR;
				CLANG_WARN_SUSPICIOUS_MOVE = YES;
				CLANG_WARN_UNREACHABLE_CODE = YES;
				CLANG_WARN__DUPLICATE_METHOD_MATCH = YES;
				"CODE_SIGN_IDENTITY[sdk=iphoneos*]" = "iPhone Developer";
				COPY_PHASE_STRIP = NO;
				DEBUG_INFORMATION_FORMAT = dwarf;
				ENABLE_STRICT_OBJC_MSGSEND = YES;
				ENABLE_TESTABILITY = YES;
				GCC_C_LANGUAGE_STANDARD = gnu99;
				GCC_DYNAMIC_NO_PIC = NO;
				GCC_NO_COMMON_BLOCKS = YES;
				GCC_OPTIMIZATION_LEVEL = 0;
				GCC_PREPROCESSOR_DEFINITIONS = (
					"DEBUG=1",
					"$(inherited)",
				);
				GCC_WARN_64_TO_32_BIT_CONVERSION = YES;
				GCC_WARN_ABOUT_RETURN_TYPE = YES_ERROR;
				GCC_WARN_UNDECLARED_SELECTOR = YES;
				GCC_WARN_UNINITIALIZED_AUTOS = YES_AGGRESSIVE;
				GCC_WARN_UNUSED_FUNCTION = YES;
				GCC_WARN_UNUSED_VARIABLE = YES;
				IPHONEOS_DEPLOYMENT_TARGET = 10.3;
				MTL_ENABLE_DEBUG_INFO = YES;
				ONLY_ACTIVE_ARCH = YES;
				SDKROOT = iphoneos;
				SWIFT_ACTIVE_COMPILATION_CONDITIONS = DEBUG;
				SWIFT_OPTIMIZATION_LEVEL = "-Onone";
			};
			name = Debug;
		};
		33C254BA1F132FFE0029B421 /* Release */ = {
			isa = XCBuildConfiguration;
			buildSettings = {
				ALWAYS_SEARCH_USER_PATHS = NO;
				CLANG_ANALYZER_NONNULL = YES;
				CLANG_ANALYZER_NUMBER_OBJECT_CONVERSION = YES_AGGRESSIVE;
				CLANG_CXX_LANGUAGE_STANDARD = "gnu++0x";
				CLANG_CXX_LIBRARY = "libc++";
				CLANG_ENABLE_MODULES = YES;
				CLANG_ENABLE_OBJC_ARC = YES;
				CLANG_WARN_BOOL_CONVERSION = YES;
				CLANG_WARN_CONSTANT_CONVERSION = YES;
				CLANG_WARN_DIRECT_OBJC_ISA_USAGE = YES_ERROR;
				CLANG_WARN_DOCUMENTATION_COMMENTS = YES;
				CLANG_WARN_EMPTY_BODY = YES;
				CLANG_WARN_ENUM_CONVERSION = YES;
				CLANG_WARN_INFINITE_RECURSION = YES;
				CLANG_WARN_INT_CONVERSION = YES;
				CLANG_WARN_OBJC_ROOT_CLASS = YES_ERROR;
				CLANG_WARN_SUSPICIOUS_MOVE = YES;
				CLANG_WARN_UNREACHABLE_CODE = YES;
				CLANG_WARN__DUPLICATE_METHOD_MATCH = YES;
				"CODE_SIGN_IDENTITY[sdk=iphoneos*]" = "iPhone Developer";
				COPY_PHASE_STRIP = NO;
				DEBUG_INFORMATION_FORMAT = "dwarf-with-dsym";
				ENABLE_NS_ASSERTIONS = NO;
				ENABLE_STRICT_OBJC_MSGSEND = YES;
				GCC_C_LANGUAGE_STANDARD = gnu99;
				GCC_NO_COMMON_BLOCKS = YES;
				GCC_WARN_64_TO_32_BIT_CONVERSION = YES;
				GCC_WARN_ABOUT_RETURN_TYPE = YES_ERROR;
				GCC_WARN_UNDECLARED_SELECTOR = YES;
				GCC_WARN_UNINITIALIZED_AUTOS = YES_AGGRESSIVE;
				GCC_WARN_UNUSED_FUNCTION = YES;
				GCC_WARN_UNUSED_VARIABLE = YES;
				IPHONEOS_DEPLOYMENT_TARGET = 10.3;
				MTL_ENABLE_DEBUG_INFO = NO;
				SDKROOT = iphoneos;
				SWIFT_OPTIMIZATION_LEVEL = "-Owholemodule";
				VALIDATE_PRODUCT = YES;
			};
			name = Release;
		};
		33C254BC1F132FFE0029B421 /* Debug */ = {
			isa = XCBuildConfiguration;
			baseConfigurationReference = 060C25BA38F186323B1BDB75 /* Pods-BucketListApp.debug.xcconfig */;
			buildSettings = {
				ASSETCATALOG_COMPILER_APPICON_NAME = AppIcon;
				DEVELOPMENT_TEAM = 4YEH54R3V3;
				INFOPLIST_FILE = BucketListApp/Info.plist;
				LD_RUNPATH_SEARCH_PATHS = "$(inherited) @executable_path/Frameworks";
				PRODUCT_BUNDLE_IDENTIFIER = com.makeschool.BucketListApp;
				PRODUCT_NAME = "$(TARGET_NAME)";
				SWIFT_VERSION = 3.0;
			};
			name = Debug;
		};
		33C254BD1F132FFE0029B421 /* Release */ = {
			isa = XCBuildConfiguration;
			baseConfigurationReference = 02AB812EABD4D7025FDDD571 /* Pods-BucketListApp.release.xcconfig */;
			buildSettings = {
				ASSETCATALOG_COMPILER_APPICON_NAME = AppIcon;
				DEVELOPMENT_TEAM = 4YEH54R3V3;
				INFOPLIST_FILE = BucketListApp/Info.plist;
				LD_RUNPATH_SEARCH_PATHS = "$(inherited) @executable_path/Frameworks";
				PRODUCT_BUNDLE_IDENTIFIER = com.makeschool.BucketListApp;
				PRODUCT_NAME = "$(TARGET_NAME)";
				SWIFT_VERSION = 3.0;
			};
			name = Release;
		};
/* End XCBuildConfiguration section */

/* Begin XCConfigurationList section */
		33C254A41F132FFE0029B421 /* Build configuration list for PBXProject "BucketListApp" */ = {
			isa = XCConfigurationList;
			buildConfigurations = (
				33C254B91F132FFE0029B421 /* Debug */,
				33C254BA1F132FFE0029B421 /* Release */,
			);
			defaultConfigurationIsVisible = 0;
			defaultConfigurationName = Release;
		};
		33C254BB1F132FFE0029B421 /* Build configuration list for PBXNativeTarget "BucketListApp" */ = {
			isa = XCConfigurationList;
			buildConfigurations = (
				33C254BC1F132FFE0029B421 /* Debug */,
				33C254BD1F132FFE0029B421 /* Release */,
			);
			defaultConfigurationIsVisible = 0;
			defaultConfigurationName = Release;
		};
/* End XCConfigurationList section */
	};
	rootObject = 33C254A11F132FFE0029B421 /* Project object */;
}
